
Microsoft Visual Studio Solution File, Format Version 12.00
# Visual Studio Version 16
VisualStudioVersion = 25.0.1703.5
MinimumVisualStudioVersion = 10.0.40219.1
Project("{FAE04EC0-301F-11D3-BF4B-00C04F79EFBC}") = "co-mute", "co-mute\co-mute.csproj", "{A1468C9E-B75C-44BC-90C8-E52D4F45E1B1}"
EndProject
Global
	GlobalSection(SolutionConfigurationPlatforms) = preSolution
		Debug|Any CPU = Debug|Any CPU
		Release|Any CPU = Release|Any CPU
	EndGlobalSection
	GlobalSection(ProjectConfigurationPlatforms) = postSolution
		{A1468C9E-B75C-44BC-90C8-E52D4F45E1B1}.Debug|Any CPU.ActiveCfg = Debug|Any CPU
		{A1468C9E-B75C-44BC-90C8-E52D4F45E1B1}.Debug|Any CPU.Build.0 = Debug|Any CPU
		{A1468C9E-B75C-44BC-90C8-E52D4F45E1B1}.Release|Any CPU.ActiveCfg = Release|Any CPU
		{A1468C9E-B75C-44BC-90C8-E52D4F45E1B1}.Release|Any CPU.Build.0 = Release|Any CPU
	EndGlobalSection
	GlobalSection(SolutionProperties) = preSolution
		HideSolutionNode = FALSE
	EndGlobalSection
	GlobalSection(ExtensibilityGlobals) = postSolution
		SolutionGuid = {57F2A33A-A51C-443A-9723-5F9E366421D8}
	EndGlobalSection
EndGlobal
